// !$*UTF8*$!
{
	archiveVersion = 1;
	classes = {
	};
	objectVersion = 50;
	objects = {

/* Begin PBXBuildFile section */
		61B5E6532433763000006C2B /* AppDelegate.swift in Sources */ = {isa = PBXBuildFile; fileRef = 61B5E6522433763000006C2B /* AppDelegate.swift */; };
		61B5E6552433763000006C2B /* SceneDelegate.swift in Sources */ = {isa = PBXBuildFile; fileRef = 61B5E6542433763000006C2B /* SceneDelegate.swift */; };
		61B5E6572433763000006C2B /* ViewController.swift in Sources */ = {isa = PBXBuildFile; fileRef = 61B5E6562433763000006C2B /* ViewController.swift */; };
		61B5E65A2433763000006C2B /* Main.storyboard in Resources */ = {isa = PBXBuildFile; fileRef = 61B5E6582433763000006C2B /* Main.storyboard */; };
		61B5E65C2433763200006C2B /* Assets.xcassets in Resources */ = {isa = PBXBuildFile; fileRef = 61B5E65B2433763200006C2B /* Assets.xcassets */; };
		61B5E65F2433763200006C2B /* LaunchScreen.storyboard in Resources */ = {isa = PBXBuildFile; fileRef = 61B5E65D2433763200006C2B /* LaunchScreen.storyboard */; };
		61B5E66A2433763200006C2B /* calculatorTests.swift in Sources */ = {isa = PBXBuildFile; fileRef = 61B5E6692433763200006C2B /* calculatorTests.swift */; };
		61B5E6752433763200006C2B /* calculatorUITests.swift in Sources */ = {isa = PBXBuildFile; fileRef = 61B5E6742433763200006C2B /* calculatorUITests.swift */; };
		61B5E68324383B7300006C2B /* calculaterViewCell.swift in Sources */ = {isa = PBXBuildFile; fileRef = 61B5E68224383B7300006C2B /* calculaterViewCell.swift */; };
/* End PBXBuildFile section */

/* Begin PBXContainerItemProxy section */
		61B5E6662433763200006C2B /* PBXContainerItemProxy */ = {
			isa = PBXContainerItemProxy;
			containerPortal = 61B5E6472433763000006C2B /* Project object */;
			proxyType = 1;
			remoteGlobalIDString = 61B5E64E2433763000006C2B;
			remoteInfo = calculator;
		};
		61B5E6712433763200006C2B /* PBXContainerItemProxy */ = {
			isa = PBXContainerItemProxy;
			containerPortal = 61B5E6472433763000006C2B /* Project object */;
			proxyType = 1;
			remoteGlobalIDString = 61B5E64E2433763000006C2B;
			remoteInfo = calculator;
		};
/* End PBXContainerItemProxy section */

/* Begin PBXFileReference section */
		61B5E64F2433763000006C2B /* calculator.app */ = {isa = PBXFileReference; explicitFileType = wrapper.application; includeInIndex = 0; path = calculator.app; sourceTree = BUILT_PRODUCTS_DIR; };
		61B5E6522433763000006C2B /* AppDelegate.swift */ = {isa = PBXFileReference; lastKnownFileType = sourcecode.swift; path = AppDelegate.swift; sourceTree = "<group>"; };
		61B5E6542433763000006C2B /* SceneDelegate.swift */ = {isa = PBXFileReference; lastKnownFileType = sourcecode.swift; path = SceneDelegate.swift; sourceTree = "<group>"; };
		61B5E6562433763000006C2B /* ViewController.swift */ = {isa = PBXFileReference; lastKnownFileType = sourcecode.swift; path = ViewController.swift; sourceTree = "<group>"; };
		61B5E6592433763000006C2B /* Base */ = {isa = PBXFileReference; lastKnownFileType = file.storyboard; name = Base; path = Base.lproj/Main.storyboard; sourceTree = "<group>"; };
		61B5E65B2433763200006C2B /* Assets.xcassets */ = {isa = PBXFileReference; lastKnownFileType = folder.assetcatalog; path = Assets.xcassets; sourceTree = "<group>"; };
		61B5E65E2433763200006C2B /* Base */ = {isa = PBXFileReference; lastKnownFileType = file.storyboard; name = Base; path = Base.lproj/LaunchScreen.storyboard; sourceTree = "<group>"; };
		61B5E6602433763200006C2B /* Info.plist */ = {isa = PBXFileReference; lastKnownFileType = text.plist.xml; path = Info.plist; sourceTree = "<group>"; };
		61B5E6652433763200006C2B /* calculatorTests.xctest */ = {isa = PBXFileReference; explicitFileType = wrapper.cfbundle; includeInIndex = 0; path = calculatorTests.xctest; sourceTree = BUILT_PRODUCTS_DIR; };
		61B5E6692433763200006C2B /* calculatorTests.swift */ = {isa = PBXFileReference; lastKnownFileType = sourcecode.swift; path = calculatorTests.swift; sourceTree = "<group>"; };
		61B5E66B2433763200006C2B /* Info.plist */ = {isa = PBXFileReference; lastKnownFileType = text.plist.xml; path = Info.plist; sourceTree = "<group>"; };
		61B5E6702433763200006C2B /* calculatorUITests.xctest */ = {isa = PBXFileReference; explicitFileType = wrapper.cfbundle; includeInIndex = 0; path = calculatorUITests.xctest; sourceTree = BUILT_PRODUCTS_DIR; };
		61B5E6742433763200006C2B /* calculatorUITests.swift */ = {isa = PBXFileReference; lastKnownFileType = sourcecode.swift; path = calculatorUITests.swift; sourceTree = "<group>"; };
		61B5E6762433763200006C2B /* Info.plist */ = {isa = PBXFileReference; lastKnownFileType = text.plist.xml; path = Info.plist; sourceTree = "<group>"; };
		61B5E68224383B7300006C2B /* calculaterViewCell.swift */ = {isa = PBXFileReference; lastKnownFileType = sourcecode.swift; path = calculaterViewCell.swift; sourceTree = "<group>"; };
/* End PBXFileReference section */

/* Begin PBXFrameworksBuildPhase section */
		61B5E64C2433763000006C2B /* Frameworks */ = {
			isa = PBXFrameworksBuildPhase;
			buildActionMask = 2147483647;
			files = (
			);
			runOnlyForDeploymentPostprocessing = 0;
		};
		61B5E6622433763200006C2B /* Frameworks */ = {
			isa = PBXFrameworksBuildPhase;
			buildActionMask = 2147483647;
			files = (
			);
			runOnlyForDeploymentPostprocessing = 0;
		};
		61B5E66D2433763200006C2B /* Frameworks */ = {
			isa = PBXFrameworksBuildPhase;
			buildActionMask = 2147483647;
			files = (
			);
			runOnlyForDeploymentPostprocessing = 0;
		};
/* End PBXFrameworksBuildPhase section */

/* Begin PBXGroup section */
		61B5E6462433763000006C2B = {
			isa = PBXGroup;
			children = (
				61B5E6512433763000006C2B /* calculator */,
				61B5E6682433763200006C2B /* calculatorTests */,
				61B5E6732433763200006C2B /* calculatorUITests */,
				61B5E6502433763000006C2B /* Products */,
			);
			sourceTree = "<group>";
		};
		61B5E6502433763000006C2B /* Products */ = {
			isa = PBXGroup;
			children = (
				61B5E64F2433763000006C2B /* calculator.app */,
				61B5E6652433763200006C2B /* calculatorTests.xctest */,
				61B5E6702433763200006C2B /* calculatorUITests.xctest */,
			);
			name = Products;
			sourceTree = "<group>";
		};
		61B5E6512433763000006C2B /* calculator */ = {
			isa = PBXGroup;
			children = (
				61B5E6522433763000006C2B /* AppDelegate.swift */,
				61B5E6542433763000006C2B /* SceneDelegate.swift */,
				61B5E6562433763000006C2B /* ViewController.swift */,
				61B5E68224383B7300006C2B /* calculaterViewCell.swift */,
				61B5E6582433763000006C2B /* Main.storyboard */,
				61B5E65B2433763200006C2B /* Assets.xcassets */,
				61B5E65D2433763200006C2B /* LaunchScreen.storyboard */,
				61B5E6602433763200006C2B /* Info.plist */,
			);
			path = calculator;
			sourceTree = "<group>";
		};
		61B5E6682433763200006C2B /* calculatorTests */ = {
			isa = PBXGroup;
			children = (
				61B5E6692433763200006C2B /* calculatorTests.swift */,
				61B5E66B2433763200006C2B /* Info.plist */,
			);
			path = calculatorTests;
			sourceTree = "<group>";
		};
		61B5E6732433763200006C2B /* calculatorUITests */ = {
			isa = PBXGroup;
			children = (
				61B5E6742433763200006C2B /* calculatorUITests.swift */,
				61B5E6762433763200006C2B /* Info.plist */,
			);
			path = calculatorUITests;
			sourceTree = "<group>";
		};
/* End PBXGroup section */

/* Begin PBXNativeTarget section */
		61B5E64E2433763000006C2B /* calculator */ = {
			isa = PBXNativeTarget;
			buildConfigurationList = 61B5E6792433763200006C2B /* Build configuration list for PBXNativeTarget "calculator" */;
			buildPhases = (
				61B5E64B2433763000006C2B /* Sources */,
				61B5E64C2433763000006C2B /* Frameworks */,
				61B5E64D2433763000006C2B /* Resources */,
			);
			buildRules = (
			);
			dependencies = (
			);
			name = calculator;
			productName = calculator;
			productReference = 61B5E64F2433763000006C2B /* calculator.app */;
			productType = "com.apple.product-type.application";
		};
		61B5E6642433763200006C2B /* calculatorTests */ = {
			isa = PBXNativeTarget;
			buildConfigurationList = 61B5E67C2433763200006C2B /* Build configuration list for PBXNativeTarget "calculatorTests" */;
			buildPhases = (
				61B5E6612433763200006C2B /* Sources */,
				61B5E6622433763200006C2B /* Frameworks */,
				61B5E6632433763200006C2B /* Resources */,
			);
			buildRules = (
			);
			dependencies = (
				61B5E6672433763200006C2B /* PBXTargetDependency */,
			);
			name = calculatorTests;
			productName = calculatorTests;
			productReference = 61B5E6652433763200006C2B /* calculatorTests.xctest */;
			productType = "com.apple.product-type.bundle.unit-test";
		};
		61B5E66F2433763200006C2B /* calculatorUITests */ = {
			isa = PBXNativeTarget;
			buildConfigurationList = 61B5E67F2433763200006C2B /* Build configuration list for PBXNativeTarget "calculatorUITests" */;
			buildPhases = (
				61B5E66C2433763200006C2B /* Sources */,
				61B5E66D2433763200006C2B /* Frameworks */,
				61B5E66E2433763200006C2B /* Resources */,
			);
			buildRules = (
			);
			dependencies = (
				61B5E6722433763200006C2B /* PBXTargetDependency */,
			);
			name = calculatorUITests;
			productName = calculatorUITests;
			productReference = 61B5E6702433763200006C2B /* calculatorUITests.xctest */;
			productType = "com.apple.product-type.bundle.ui-testing";
		};
/* End PBXNativeTarget section */

/* Begin PBXProject section */
		61B5E6472433763000006C2B /* Project object */ = {
			isa = PBXProject;
			attributes = {
				LastSwiftUpdateCheck = 1130;
				LastUpgradeCheck = 1130;
				ORGANIZATIONNAME = "柿沼儀揚";
				TargetAttributes = {
					61B5E64E2433763000006C2B = {
						CreatedOnToolsVersion = 11.3.1;
					};
					61B5E6642433763200006C2B = {
						CreatedOnToolsVersion = 11.3.1;
						TestTargetID = 61B5E64E2433763000006C2B;
					};
					61B5E66F2433763200006C2B = {
						CreatedOnToolsVersion = 11.3.1;
						TestTargetID = 61B5E64E2433763000006C2B;
					};
				};
			};
			buildConfigurationList = 61B5E64A2433763000006C2B /* Build configuration list for PBXProject "calculator" */;
			compatibilityVersion = "Xcode 9.3";
			developmentRegion = en;
			hasScannedForEncodings = 0;
			knownRegions = (
				en,
				Base,
			);
			mainGroup = 61B5E6462433763000006C2B;
			productRefGroup = 61B5E6502433763000006C2B /* Products */;
			projectDirPath = "";
			projectRoot = "";
			targets = (
				61B5E64E2433763000006C2B /* calculator */,
				61B5E6642433763200006C2B /* calculatorTests */,
				61B5E66F2433763200006C2B /* calculatorUITests */,
			);
		};
/* End PBXProject section */

/* Begin PBXResourcesBuildPhase section */
		61B5E64D2433763000006C2B /* Resources */ = {
			isa = PBXResourcesBuildPhase;
			buildActionMask = 2147483647;
			files = (
				61B5E65F2433763200006C2B /* LaunchScreen.storyboard in Resources */,
				61B5E65C2433763200006C2B /* Assets.xcassets in Resources */,
				61B5E65A2433763000006C2B /* Main.storyboard in Resources */,
			);
			runOnlyForDeploymentPostprocessing = 0;
		};
		61B5E6632433763200006C2B /* Resources */ = {
			isa = PBXResourcesBuildPhase;
			buildActionMask = 2147483647;
			files = (
			);
			runOnlyForDeploymentPostprocessing = 0;
		};
		61B5E66E2433763200006C2B /* Resources */ = {
			isa = PBXResourcesBuildPhase;
			buildActionMask = 2147483647;
			files = (
			);
			runOnlyForDeploymentPostprocessing = 0;
		};
/* End PBXResourcesBuildPhase section */

/* Begin PBXSourcesBuildPhase section */
		61B5E64B2433763000006C2B /* Sources */ = {
			isa = PBXSourcesBuildPhase;
			buildActionMask = 2147483647;
			files = (
				61B5E6572433763000006C2B /* ViewController.swift in Sources */,
				61B5E6532433763000006C2B /* AppDelegate.swift in Sources */,
				61B5E68324383B7300006C2B /* calculaterViewCell.swift in Sources */,
				61B5E6552433763000006C2B /* SceneDelegate.swift in Sources */,
			);
			runOnlyForDeploymentPostprocessing = 0;
		};
		61B5E6612433763200006C2B /* Sources */ = {
			isa = PBXSourcesBuildPhase;
			buildActionMask = 2147483647;
			files = (
				61B5E66A2433763200006C2B /* calculatorTests.swift in Sources */,
			);
			runOnlyForDeploymentPostprocessing = 0;
		};
		61B5E66C2433763200006C2B /* Sources */ = {
			isa = PBXSourcesBuildPhase;
			buildActionMask = 2147483647;
			files = (
				61B5E6752433763200006C2B /* calculatorUITests.swift in Sources */,
			);
			runOnlyForDeploymentPostprocessing = 0;
		};
/* End PBXSourcesBuildPhase section */

/* Begin PBXTargetDependency section */
		61B5E6672433763200006C2B /* PBXTargetDependency */ = {
			isa = PBXTargetDependency;
			target = 61B5E64E2433763000006C2B /* calculator */;
			targetProxy = 61B5E6662433763200006C2B /* PBXContainerItemProxy */;
		};
		61B5E6722433763200006C2B /* PBXTargetDependency */ = {
			isa = PBXTargetDependency;
			target = 61B5E64E2433763000006C2B /* calculator */;
			targetProxy = 61B5E6712433763200006C2B /* PBXContainerItemProxy */;
		};
/* End PBXTargetDependency section */

/* Begin PBXVariantGroup section */
		61B5E6582433763000006C2B /* Main.storyboard */ = {
			isa = PBXVariantGroup;
			children = (
				61B5E6592433763000006C2B /* Base */,
			);
			name = Main.storyboard;
			sourceTree = "<group>";
		};
		61B5E65D2433763200006C2B /* LaunchScreen.storyboard */ = {
			isa = PBXVariantGroup;
			children = (
				61B5E65E2433763200006C2B /* Base */,
			);
			name = LaunchScreen.storyboard;
			sourceTree = "<group>";
		};
/* End PBXVariantGroup section */

/* Begin XCBuildConfiguration section */
		61B5E6772433763200006C2B /* Debug */ = {
			isa = XCBuildConfiguration;
			buildSettings = {
				ALWAYS_SEARCH_USER_PATHS = NO;
				CLANG_ANALYZER_NONNULL = YES;
				CLANG_ANALYZER_NUMBER_OBJECT_CONVERSION = YES_AGGRESSIVE;
				CLANG_CXX_LANGUAGE_STANDARD = "gnu++14";
				CLANG_CXX_LIBRARY = "libc++";
				CLANG_ENABLE_MODULES = YES;
				CLANG_ENABLE_OBJC_ARC = YES;
				CLANG_ENABLE_OBJC_WEAK = YES;
				CLANG_WARN_BLOCK_CAPTURE_AUTORELEASING = YES;
				CLANG_WARN_BOOL_CONVERSION = YES;
				CLANG_WARN_COMMA = YES;
				CLANG_WARN_CONSTANT_CONVERSION = YES;
				CLANG_WARN_DEPRECATED_OBJC_IMPLEMENTATIONS = YES;
				CLANG_WARN_DIRECT_OBJC_ISA_USAGE = YES_ERROR;
				CLANG_WARN_DOCUMENTATION_COMMENTS = YES;
				CLANG_WARN_EMPTY_BODY = YES;
				CLANG_WARN_ENUM_CONVERSION = YES;
				CLANG_WARN_INFINITE_RECURSION = YES;
				CLANG_WARN_INT_CONVERSION = YES;
				CLANG_WARN_NON_LITERAL_NULL_CONVERSION = YES;
				CLANG_WARN_OBJC_IMPLICIT_RETAIN_SELF = YES;
				CLANG_WARN_OBJC_LITERAL_CONVERSION = YES;
				CLANG_WARN_OBJC_ROOT_CLASS = YES_ERROR;
				CLANG_WARN_RANGE_LOOP_ANALYSIS = YES;
				CLANG_WARN_STRICT_PROTOTYPES = YES;
				CLANG_WARN_SUSPICIOUS_MOVE = YES;
				CLANG_WARN_UNGUARDED_AVAILABILITY = YES_AGGRESSIVE;
				CLANG_WARN_UNREACHABLE_CODE = YES;
				CLANG_WARN__DUPLICATE_METHOD_MATCH = YES;
				COPY_PHASE_STRIP = NO;
				DEBUG_INFORMATION_FORMAT = dwarf;
				ENABLE_STRICT_OBJC_MSGSEND = YES;
				ENABLE_TESTABILITY = YES;
				GCC_C_LANGUAGE_STANDARD = gnu11;
				GCC_DYNAMIC_NO_PIC = NO;
				GCC_NO_COMMON_BLOCKS = YES;
				GCC_OPTIMIZATION_LEVEL = 0;
				GCC_PREPROCESSOR_DEFINITIONS = (
					"DEBUG=1",
					"$(inherited)",
				);
				GCC_WARN_64_TO_32_BIT_CONVERSION = YES;
				GCC_WARN_ABOUT_RETURN_TYPE = YES_ERROR;
				GCC_WARN_UNDECLARED_SELECTOR = YES;
				GCC_WARN_UNINITIALIZED_AUTOS = YES_AGGRESSIVE;
				GCC_WARN_UNUSED_FUNCTION = YES;
				GCC_WARN_UNUSED_VARIABLE = YES;
				IPHONEOS_DEPLOYMENT_TARGET = 13.2;
				MTL_ENABLE_DEBUG_INFO = INCLUDE_SOURCE;
				MTL_FAST_MATH = YES;
				ONLY_ACTIVE_ARCH = YES;
				SDKROOT = iphoneos;
				SWIFT_ACTIVE_COMPILATION_CONDITIONS = DEBUG;
				SWIFT_OPTIMIZATION_LEVEL = "-Onone";
			};
			name = Debug;
		};
		61B5E6782433763200006C2B /* Release */ = {
			isa = XCBuildConfiguration;
			buildSettings = {
				ALWAYS_SEARCH_USER_PATHS = NO;
				CLANG_ANALYZER_NONNULL = YES;
				CLANG_ANALYZER_NUMBER_OBJECT_CONVERSION = YES_AGGRESSIVE;
				CLANG_CXX_LANGUAGE_STANDARD = "gnu++14";
				CLANG_CXX_LIBRARY = "libc++";
				CLANG_ENABLE_MODULES = YES;
				CLANG_ENABLE_OBJC_ARC = YES;
				CLANG_ENABLE_OBJC_WEAK = YES;
				CLANG_WARN_BLOCK_CAPTURE_AUTORELEASING = YES;
				CLANG_WARN_BOOL_CONVERSION = YES;
				CLANG_WARN_COMMA = YES;
				CLANG_WARN_CONSTANT_CONVERSION = YES;
				CLANG_WARN_DEPRECATED_OBJC_IMPLEMENTATIONS = YES;
				CLANG_WARN_DIRECT_OBJC_ISA_USAGE = YES_ERROR;
				CLANG_WARN_DOCUMENTATION_COMMENTS = YES;
				CLANG_WARN_EMPTY_BODY = YES;
				CLANG_WARN_ENUM_CONVERSION = YES;
				CLANG_WARN_INFINITE_RECURSION = YES;
				CLANG_WARN_INT_CONVERSION = YES;
				CLANG_WARN_NON_LITERAL_NULL_CONVERSION = YES;
				CLANG_WARN_OBJC_IMPLICIT_RETAIN_SELF = YES;
				CLANG_WARN_OBJC_LITERAL_CONVERSION = YES;
				CLANG_WARN_OBJC_ROOT_CLASS = YES_ERROR;
				CLANG_WARN_RANGE_LOOP_ANALYSIS = YES;
				CLANG_WARN_STRICT_PROTOTYPES = YES;
				CLANG_WARN_SUSPICIOUS_MOVE = YES;
				CLANG_WARN_UNGUARDED_AVAILABILITY = YES_AGGRESSIVE;
				CLANG_WARN_UNREACHABLE_CODE = YES;
				CLANG_WARN__DUPLICATE_METHOD_MATCH = YES;
				COPY_PHASE_STRIP = NO;
				DEBUG_INFORMATION_FORMAT = "dwarf-with-dsym";
				ENABLE_NS_ASSERTIONS = NO;
				ENABLE_STRICT_OBJC_MSGSEND = YES;
				GCC_C_LANGUAGE_STANDARD = gnu11;
				GCC_NO_COMMON_BLOCKS = YES;
				GCC_WARN_64_TO_32_BIT_CONVERSION = YES;
				GCC_WARN_ABOUT_RETURN_TYPE = YES_ERROR;
				GCC_WARN_UNDECLARED_SELECTOR = YES;
				GCC_WARN_UNINITIALIZED_AUTOS = YES_AGGRESSIVE;
				GCC_WARN_UNUSED_FUNCTION = YES;
				GCC_WARN_UNUSED_VARIABLE = YES;
				IPHONEOS_DEPLOYMENT_TARGET = 13.2;
				MTL_ENABLE_DEBUG_INFO = NO;
				MTL_FAST_MATH = YES;
				SDKROOT = iphoneos;
				SWIFT_COMPILATION_MODE = wholemodule;
				SWIFT_OPTIMIZATION_LEVEL = "-O";
				VALIDATE_PRODUCT = YES;
			};
			name = Release;
		};
		61B5E67A2433763200006C2B /* Debug */ = {
			isa = XCBuildConfiguration;
			buildSettings = {
				ASSETCATALOG_COMPILER_APPICON_NAME = AppIcon;
				CODE_SIGN_STYLE = Automatic;
				INFOPLIST_FILE = calculator/Info.plist;
				LD_RUNPATH_SEARCH_PATHS = (
					"$(inherited)",
					"@executable_path/Frameworks",
				);
				PRODUCT_BUNDLE_IDENTIFIER = org.akiblog.calculator;
				PRODUCT_NAME = "$(TARGET_NAME)";
				SWIFT_VERSION = 5.0;
				TARGETED_DEVICE_FAMILY = "1,2";
			};
			name = Debug;
		};
		61B5E67B2433763200006C2B /* Release */ = {
			isa = XCBuildConfiguration;
			buildSettings = {
				ASSETCATALOG_COMPILER_APPICON_NAME = AppIcon;
				CODE_SIGN_STYLE = Automatic;
				INFOPLIST_FILE = calculator/Info.plist;
				LD_RUNPATH_SEARCH_PATHS = (
					"$(inherited)",
					"@executable_path/Frameworks",
				);
				PRODUCT_BUNDLE_IDENTIFIER = org.akiblog.calculator;
				PRODUCT_NAME = "$(TARGET_NAME)";
				SWIFT_VERSION = 5.0;
				TARGETED_DEVICE_FAMILY = "1,2";
			};
			name = Release;
		};
		61B5E67D2433763200006C2B /* Debug */ = {
			isa = XCBuildConfiguration;
			buildSettings = {
				ALWAYS_EMBED_SWIFT_STANDARD_LIBRARIES = YES;
				BUNDLE_LOADER = "$(TEST_HOST)";
				CODE_SIGN_STYLE = Automatic;
				INFOPLIST_FILE = calculatorTests/Info.plist;
				IPHONEOS_DEPLOYMENT_TARGET = 13.2;
				LD_RUNPATH_SEARCH_PATHS = (
					"$(inherited)",
					"@executable_path/Frameworks",
					"@loader_path/Frameworks",
				);
				PRODUCT_BUNDLE_IDENTIFIER = org.akiblog.calculatorTests;
				PRODUCT_NAME = "$(TARGET_NAME)";
				SWIFT_VERSION = 5.0;
				TARGETED_DEVICE_FAMILY = "1,2";
				TEST_HOST = "$(BUILT_PRODUCTS_DIR)/calculator.app/calculator";
			};
			name = Debug;
		};
		61B5E67E2433763200006C2B /* Release */ = {
			isa = XCBuildConfiguration;
			buildSettings = {
				ALWAYS_EMBED_SWIFT_STANDARD_LIBRARIES = YES;
				BUNDLE_LOADER = "$(TEST_HOST)";
				CODE_SIGN_STYLE = Automatic;
				INFOPLIST_FILE = calculatorTests/Info.plist;
				IPHONEOS_DEPLOYMENT_TARGET = 13.2;
				LD_RUNPATH_SEARCH_PATHS = (
					"$(inherited)",
					"@executable_path/Frameworks",
					"@loader_path/Frameworks",
				);
				PRODUCT_BUNDLE_IDENTIFIER = org.akiblog.calculatorTests;
				PRODUCT_NAME = "$(TARGET_NAME)";
				SWIFT_VERSION = 5.0;
				TARGETED_DEVICE_FAMILY = "1,2";
				TEST_HOST = "$(BUILT_PRODUCTS_DIR)/calculator.app/calculator";
			};
			name = Release;
		};
		61B5E6802433763200006C2B /* Debug */ = {
			isa = XCBuildConfiguration;
			buildSettings = {
				ALWAYS_EMBED_SWIFT_STANDARD_LIBRARIES = YES;
				CODE_SIGN_STYLE = Automatic;
				INFOPLIST_FILE = calculatorUITests/Info.plist;
				LD_RUNPATH_SEARCH_PATHS = (
					"$(inherited)",
					"@executable_path/Frameworks",
					"@loader_path/Frameworks",
				);
				PRODUCT_BUNDLE_IDENTIFIER = org.akiblog.calculatorUITests;
				PRODUCT_NAME = "$(TARGET_NAME)";
				SWIFT_VERSION = 5.0;
				TARGETED_DEVICE_FAMILY = "1,2";
				TEST_TARGET_NAME = calculator;
			};
			name = Debug;
		};
		61B5E6812433763200006C2B /* Release */ = {
			isa = XCBuildConfiguration;
			buildSettings = {
				ALWAYS_EMBED_SWIFT_STANDARD_LIBRARIES = YES;
				CODE_SIGN_STYLE = Automatic;
				INFOPLIST_FILE = calculatorUITests/Info.plist;
				LD_RUNPATH_SEARCH_PATHS = (
					"$(inherited)",
					"@executable_path/Frameworks",
					"@loader_path/Frameworks",
				);
				PRODUCT_BUNDLE_IDENTIFIER = org.akiblog.calculatorUITests;
				PRODUCT_NAME = "$(TARGET_NAME)";
				SWIFT_VERSION = 5.0;
				TARGETED_DEVICE_FAMILY = "1,2";
				TEST_TARGET_NAME = calculator;
			};
			name = Release;
		};
/* End XCBuildConfiguration section */

/* Begin XCConfigurationList section */
		61B5E64A2433763000006C2B /* Build configuration list for PBXProject "calculator" */ = {
			isa = XCConfigurationList;
			buildConfigurations = (
				61B5E6772433763200006C2B /* Debug */,
				61B5E6782433763200006C2B /* Release */,
			);
			defaultConfigurationIsVisible = 0;
			defaultConfigurationName = Release;
		};
		61B5E6792433763200006C2B /* Build configuration list for PBXNativeTarget "calculator" */ = {
			isa = XCConfigurationList;
			buildConfigurations = (
				61B5E67A2433763200006C2B /* Debug */,
				61B5E67B2433763200006C2B /* Release */,
			);
			defaultConfigurationIsVisible = 0;
			defaultConfigurationName = Release;
		};
		61B5E67C2433763200006C2B /* Build configuration list for PBXNativeTarget "calculatorTests" */ = {
			isa = XCConfigurationList;
			buildConfigurations = (
				61B5E67D2433763200006C2B /* Debug */,
				61B5E67E2433763200006C2B /* Release */,
			);
			defaultConfigurationIsVisible = 0;
			defaultConfigurationName = Release;
		};
		61B5E67F2433763200006C2B /* Build configuration list for PBXNativeTarget "calculatorUITests" */ = {
			isa = XCConfigurationList;
			buildConfigurations = (
				61B5E6802433763200006C2B /* Debug */,
				61B5E6812433763200006C2B /* Release */,
			);
			defaultConfigurationIsVisible = 0;
			defaultConfigurationName = Release;
		};
/* End XCConfigurationList section */
	};
	rootObject = 61B5E6472433763000006C2B /* Project object */;
}
